// !$*UTF8*$!
{
	archiveVersion = 1;
	classes = {
	};
	objectVersion = 48;
	objects = {

/* Begin PBXBuildFile section */
		4131A9DC1FA9B7EE00033F1F /* AppDelegate.swift in Sources */ = {isa = PBXBuildFile; fileRef = 4131A9DB1FA9B7EE00033F1F /* AppDelegate.swift */; };
		4131A9E11FA9B7EE00033F1F /* Main.storyboard in Resources */ = {isa = PBXBuildFile; fileRef = 4131A9DF1FA9B7EE00033F1F /* Main.storyboard */; };
		4131A9E31FA9B7EE00033F1F /* Assets.xcassets in Resources */ = {isa = PBXBuildFile; fileRef = 4131A9E21FA9B7EE00033F1F /* Assets.xcassets */; };
		4131A9E61FA9B7EE00033F1F /* LaunchScreen.storyboard in Resources */ = {isa = PBXBuildFile; fileRef = 4131A9E41FA9B7EE00033F1F /* LaunchScreen.storyboard */; };
		4131A9EF1FA9B85400033F1F /* ViewController.swift in Sources */ = {isa = PBXBuildFile; fileRef = 4131A9EE1FA9B85400033F1F /* ViewController.swift */; };
		4131A9F21FA9B8E000033F1F /* SWRevealViewController.m in Sources */ = {isa = PBXBuildFile; fileRef = 4131A9F11FA9B8E000033F1F /* SWRevealViewController.m */; };
		4131A9F41FA9D6B700033F1F /* TramScheduleViewController.swift in Sources */ = {isa = PBXBuildFile; fileRef = 4131A9F31FA9D6B700033F1F /* TramScheduleViewController.swift */; };
		4131A9F61FA9D6C900033F1F /* TramRouteViewController.swift in Sources */ = {isa = PBXBuildFile; fileRef = 4131A9F51FA9D6C900033F1F /* TramRouteViewController.swift */; };
		4131A9F81FA9D6DC00033F1F /* NavigationViewController.swift in Sources */ = {isa = PBXBuildFile; fileRef = 4131A9F71FA9D6DC00033F1F /* NavigationViewController.swift */; };
/* End PBXBuildFile section */

/* Begin PBXFileReference section */
		4131A9D81FA9B7EE00033F1F /* MuTram.app */ = {isa = PBXFileReference; explicitFileType = wrapper.application; includeInIndex = 0; path = MuTram.app; sourceTree = BUILT_PRODUCTS_DIR; };
		4131A9DB1FA9B7EE00033F1F /* AppDelegate.swift */ = {isa = PBXFileReference; lastKnownFileType = sourcecode.swift; path = AppDelegate.swift; sourceTree = "<group>"; };
		4131A9E01FA9B7EE00033F1F /* Base */ = {isa = PBXFileReference; lastKnownFileType = file.storyboard; name = Base; path = Base.lproj/Main.storyboard; sourceTree = "<group>"; };
		4131A9E21FA9B7EE00033F1F /* Assets.xcassets */ = {isa = PBXFileReference; lastKnownFileType = folder.assetcatalog; path = Assets.xcassets; sourceTree = "<group>"; };
		4131A9E51FA9B7EE00033F1F /* Base */ = {isa = PBXFileReference; lastKnownFileType = file.storyboard; name = Base; path = Base.lproj/LaunchScreen.storyboard; sourceTree = "<group>"; };
		4131A9E71FA9B7EE00033F1F /* Info.plist */ = {isa = PBXFileReference; lastKnownFileType = text.plist.xml; path = Info.plist; sourceTree = "<group>"; };
		4131A9ED1FA9B80F00033F1F /* SWRevealViewController.h */ = {isa = PBXFileReference; lastKnownFileType = sourcecode.c.h; path = SWRevealViewController.h; sourceTree = "<group>"; };
		4131A9EE1FA9B85400033F1F /* ViewController.swift */ = {isa = PBXFileReference; lastKnownFileType = sourcecode.swift; path = ViewController.swift; sourceTree = "<group>"; };
		4131A9F01FA9B8DF00033F1F /* MuTram-Bridging-Header.h */ = {isa = PBXFileReference; lastKnownFileType = sourcecode.c.h; path = "MuTram-Bridging-Header.h"; sourceTree = "<group>"; };
		4131A9F11FA9B8E000033F1F /* SWRevealViewController.m */ = {isa = PBXFileReference; lastKnownFileType = sourcecode.c.objc; path = SWRevealViewController.m; sourceTree = "<group>"; };
		4131A9F31FA9D6B700033F1F /* TramScheduleViewController.swift */ = {isa = PBXFileReference; lastKnownFileType = sourcecode.swift; path = TramScheduleViewController.swift; sourceTree = "<group>"; };
		4131A9F51FA9D6C900033F1F /* TramRouteViewController.swift */ = {isa = PBXFileReference; lastKnownFileType = sourcecode.swift; path = TramRouteViewController.swift; sourceTree = "<group>"; };
		4131A9F71FA9D6DC00033F1F /* NavigationViewController.swift */ = {isa = PBXFileReference; lastKnownFileType = sourcecode.swift; path = NavigationViewController.swift; sourceTree = "<group>"; };
/* End PBXFileReference section */

/* Begin PBXFrameworksBuildPhase section */
		4131A9D51FA9B7EE00033F1F /* Frameworks */ = {
			isa = PBXFrameworksBuildPhase;
			buildActionMask = 2147483647;
			files = (
			);
			runOnlyForDeploymentPostprocessing = 0;
		};
/* End PBXFrameworksBuildPhase section */

/* Begin PBXGroup section */
		4131A9CF1FA9B7EE00033F1F = {
			isa = PBXGroup;
			children = (
				4131A9DA1FA9B7EE00033F1F /* MuTram */,
				4131A9D91FA9B7EE00033F1F /* Products */,
			);
			sourceTree = "<group>";
		};
		4131A9D91FA9B7EE00033F1F /* Products */ = {
			isa = PBXGroup;
			children = (
				4131A9D81FA9B7EE00033F1F /* MuTram.app */,
			);
			name = Products;
			sourceTree = "<group>";
		};
		4131A9DA1FA9B7EE00033F1F /* MuTram */ = {
			isa = PBXGroup;
			children = (
				4131A9DB1FA9B7EE00033F1F /* AppDelegate.swift */,
				4131A9EE1FA9B85400033F1F /* ViewController.swift */,
				4131A9DF1FA9B7EE00033F1F /* Main.storyboard */,
				4131A9F31FA9D6B700033F1F /* TramScheduleViewController.swift */,
				4131A9F51FA9D6C900033F1F /* TramRouteViewController.swift */,
				4131A9F71FA9D6DC00033F1F /* NavigationViewController.swift */,
				4131A9E21FA9B7EE00033F1F /* Assets.xcassets */,
				4131A9E41FA9B7EE00033F1F /* LaunchScreen.storyboard */,
				4131A9F11FA9B8E000033F1F /* SWRevealViewController.m */,
				4131A9ED1FA9B80F00033F1F /* SWRevealViewController.h */,
				4131A9E71FA9B7EE00033F1F /* Info.plist */,
				4131A9F01FA9B8DF00033F1F /* MuTram-Bridging-Header.h */,
			);
			path = MuTram;
			sourceTree = "<group>";
		};
/* End PBXGroup section */

/* Begin PBXNativeTarget section */
		4131A9D71FA9B7EE00033F1F /* MuTram */ = {
			isa = PBXNativeTarget;
			buildConfigurationList = 4131A9EA1FA9B7EE00033F1F /* Build configuration list for PBXNativeTarget "MuTram" */;
			buildPhases = (
				4131A9D41FA9B7EE00033F1F /* Sources */,
				4131A9D51FA9B7EE00033F1F /* Frameworks */,
				4131A9D61FA9B7EE00033F1F /* Resources */,
			);
			buildRules = (
			);
			dependencies = (
			);
			name = MuTram;
			productName = MuTram;
			productReference = 4131A9D81FA9B7EE00033F1F /* MuTram.app */;
			productType = "com.apple.product-type.application";
		};
/* End PBXNativeTarget section */

/* Begin PBXProject section */
		4131A9D01FA9B7EE00033F1F /* Project object */ = {
			isa = PBXProject;
			attributes = {
				LastSwiftUpdateCheck = 0900;
				LastUpgradeCheck = 0900;
				ORGANIZATIONNAME = "Pongdec><MacBook";
				TargetAttributes = {
					4131A9D71FA9B7EE00033F1F = {
						CreatedOnToolsVersion = 9.0;
						LastSwiftMigration = 0900;
						ProvisioningStyle = Automatic;
					};
				};
			};
			buildConfigurationList = 4131A9D31FA9B7EE00033F1F /* Build configuration list for PBXProject "MuTram" */;
			compatibilityVersion = "Xcode 8.0";
			developmentRegion = en;
			hasScannedForEncodings = 0;
			knownRegions = (
				en,
				Base,
			);
			mainGroup = 4131A9CF1FA9B7EE00033F1F;
			productRefGroup = 4131A9D91FA9B7EE00033F1F /* Products */;
			projectDirPath = "";
			projectRoot = "";
			targets = (
				4131A9D71FA9B7EE00033F1F /* MuTram */,
			);
		};
/* End PBXProject section */

/* Begin PBXResourcesBuildPhase section */
		4131A9D61FA9B7EE00033F1F /* Resources */ = {
			isa = PBXResourcesBuildPhase;
			buildActionMask = 2147483647;
			files = (
				4131A9E61FA9B7EE00033F1F /* LaunchScreen.storyboard in Resources */,
				4131A9E31FA9B7EE00033F1F /* Assets.xcassets in Resources */,
				4131A9E11FA9B7EE00033F1F /* Main.storyboard in Resources */,
			);
			runOnlyForDeploymentPostprocessing = 0;
		};
/* End PBXResourcesBuildPhase section */

/* Begin PBXSourcesBuildPhase section */
		4131A9D41FA9B7EE00033F1F /* Sources */ = {
			isa = PBXSourcesBuildPhase;
			buildActionMask = 2147483647;
			files = (
				4131A9F81FA9D6DC00033F1F /* NavigationViewController.swift in Sources */,
				4131A9F61FA9D6C900033F1F /* TramRouteViewController.swift in Sources */,
				4131A9EF1FA9B85400033F1F /* ViewController.swift in Sources */,
				4131A9DC1FA9B7EE00033F1F /* AppDelegate.swift in Sources */,
				4131A9F41FA9D6B700033F1F /* TramScheduleViewController.swift in Sources */,
				4131A9F21FA9B8E000033F1F /* SWRevealViewController.m in Sources */,
			);
			runOnlyForDeploymentPostprocessing = 0;
		};
/* End PBXSourcesBuildPhase section */

/* Begin PBXVariantGroup section */
		4131A9DF1FA9B7EE00033F1F /* Main.storyboard */ = {
			isa = PBXVariantGroup;
			children = (
				4131A9E01FA9B7EE00033F1F /* Base */,
			);
			name = Main.storyboard;
			sourceTree = "<group>";
		};
		4131A9E41FA9B7EE00033F1F /* LaunchScreen.storyboard */ = {
			isa = PBXVariantGroup;
			children = (
				4131A9E51FA9B7EE00033F1F /* Base */,
			);
			name = LaunchScreen.storyboard;
			sourceTree = "<group>";
		};
/* End PBXVariantGroup section */

/* Begin XCBuildConfiguration section */
		4131A9E81FA9B7EE00033F1F /* Debug */ = {
			isa = XCBuildConfiguration;
			buildSettings = {
				ALWAYS_SEARCH_USER_PATHS = NO;
				CLANG_ANALYZER_NONNULL = YES;
				CLANG_ANALYZER_NUMBER_OBJECT_CONVERSION = YES_AGGRESSIVE;
				CLANG_CXX_LANGUAGE_STANDARD = "gnu++14";
				CLANG_CXX_LIBRARY = "libc++";
				CLANG_ENABLE_MODULES = YES;
				CLANG_ENABLE_OBJC_ARC = YES;
				CLANG_WARN_BLOCK_CAPTURE_AUTORELEASING = YES;
				CLANG_WARN_BOOL_CONVERSION = YES;
				CLANG_WARN_COMMA = YES;
				CLANG_WARN_CONSTANT_CONVERSION = YES;
				CLANG_WARN_DIRECT_OBJC_ISA_USAGE = YES_ERROR;
				CLANG_WARN_DOCUMENTATION_COMMENTS = YES;
				CLANG_WARN_EMPTY_BODY = YES;
				CLANG_WARN_ENUM_CONVERSION = YES;
				CLANG_WARN_INFINITE_RECURSION = YES;
				CLANG_WARN_INT_CONVERSION = YES;
				CLANG_WARN_NON_LITERAL_NULL_CONVERSION = YES;
				CLANG_WARN_OBJC_LITERAL_CONVERSION = YES;
				CLANG_WARN_OBJC_ROOT_CLASS = YES_ERROR;
				CLANG_WARN_RANGE_LOOP_ANALYSIS = YES;
				CLANG_WARN_STRICT_PROTOTYPES = YES;
				CLANG_WARN_SUSPICIOUS_MOVE = YES;
				CLANG_WARN_UNGUARDED_AVAILABILITY = YES_AGGRESSIVE;
				CLANG_WARN_UNREACHABLE_CODE = YES;
				CLANG_WARN__DUPLICATE_METHOD_MATCH = YES;
				CODE_SIGN_IDENTITY = "iPhone Developer";
				COPY_PHASE_STRIP = NO;
				DEBUG_INFORMATION_FORMAT = dwarf;
				ENABLE_STRICT_OBJC_MSGSEND = YES;
				ENABLE_TESTABILITY = YES;
				GCC_C_LANGUAGE_STANDARD = gnu11;
				GCC_DYNAMIC_NO_PIC = NO;
				GCC_NO_COMMON_BLOCKS = YES;
				GCC_OPTIMIZATION_LEVEL = 0;
				GCC_PREPROCESSOR_DEFINITIONS = (
					"DEBUG=1",
					"$(inherited)",
				);
				GCC_WARN_64_TO_32_BIT_CONVERSION = YES;
				GCC_WARN_ABOUT_RETURN_TYPE = YES_ERROR;
				GCC_WARN_UNDECLARED_SELECTOR = YES;
				GCC_WARN_UNINITIALIZED_AUTOS = YES_AGGRESSIVE;
				GCC_WARN_UNUSED_FUNCTION = YES;
				GCC_WARN_UNUSED_VARIABLE = YES;
				IPHONEOS_DEPLOYMENT_TARGET = 11.0;
				MTL_ENABLE_DEBUG_INFO = YES;
				ONLY_ACTIVE_ARCH = YES;
				SDKROOT = iphoneos;
				SWIFT_ACTIVE_COMPILATION_CONDITIONS = DEBUG;
				SWIFT_OPTIMIZATION_LEVEL = "-Onone";
			};
			name = Debug;
		};
		4131A9E91FA9B7EE00033F1F /* Release */ = {
			isa = XCBuildConfiguration;
			buildSettings = {
				ALWAYS_SEARCH_USER_PATHS = NO;
				CLANG_ANALYZER_NONNULL = YES;
				CLANG_ANALYZER_NUMBER_OBJECT_CONVERSION = YES_AGGRESSIVE;
				CLANG_CXX_LANGUAGE_STANDARD = "gnu++14";
				CLANG_CXX_LIBRARY = "libc++";
				CLANG_ENABLE_MODULES = YES;
				CLANG_ENABLE_OBJC_ARC = YES;
				CLANG_WARN_BLOCK_CAPTURE_AUTORELEASING = YES;
				CLANG_WARN_BOOL_CONVERSION = YES;
				CLANG_WARN_COMMA = YES;
				CLANG_WARN_CONSTANT_CONVERSION = YES;
				CLANG_WARN_DIRECT_OBJC_ISA_USAGE = YES_ERROR;
				CLANG_WARN_DOCUMENTATION_COMMENTS = YES;
				CLANG_WARN_EMPTY_BODY = YES;
				CLANG_WARN_ENUM_CONVERSION = YES;
				CLANG_WARN_INFINITE_RECURSION = YES;
				CLANG_WARN_INT_CONVERSION = YES;
				CLANG_WARN_NON_LITERAL_NULL_CONVERSION = YES;
				CLANG_WARN_OBJC_LITERAL_CONVERSION = YES;
				CLANG_WARN_OBJC_ROOT_CLASS = YES_ERROR;
				CLANG_WARN_RANGE_LOOP_ANALYSIS = YES;
				CLANG_WARN_STRICT_PROTOTYPES = YES;
				CLANG_WARN_SUSPICIOUS_MOVE = YES;
				CLANG_WARN_UNGUARDED_AVAILABILITY = YES_AGGRESSIVE;
				CLANG_WARN_UNREACHABLE_CODE = YES;
				CLANG_WARN__DUPLICATE_METHOD_MATCH = YES;
				CODE_SIGN_IDENTITY = "iPhone Developer";
				COPY_PHASE_STRIP = NO;
				DEBUG_INFORMATION_FORMAT = "dwarf-with-dsym";
				ENABLE_NS_ASSERTIONS = NO;
				ENABLE_STRICT_OBJC_MSGSEND = YES;
				GCC_C_LANGUAGE_STANDARD = gnu11;
				GCC_NO_COMMON_BLOCKS = YES;
				GCC_WARN_64_TO_32_BIT_CONVERSION = YES;
				GCC_WARN_ABOUT_RETURN_TYPE = YES_ERROR;
				GCC_WARN_UNDECLARED_SELECTOR = YES;
				GCC_WARN_UNINITIALIZED_AUTOS = YES_AGGRESSIVE;
				GCC_WARN_UNUSED_FUNCTION = YES;
				GCC_WARN_UNUSED_VARIABLE = YES;
				IPHONEOS_DEPLOYMENT_TARGET = 11.0;
				MTL_ENABLE_DEBUG_INFO = NO;
				SDKROOT = iphoneos;
				SWIFT_OPTIMIZATION_LEVEL = "-Owholemodule";
				VALIDATE_PRODUCT = YES;
			};
			name = Release;
		};
		4131A9EB1FA9B7EE00033F1F /* Debug */ = {
			isa = XCBuildConfiguration;
			buildSettings = {
				ASSETCATALOG_COMPILER_APPICON_NAME = AppIcon;
				CLANG_ENABLE_MODULES = YES;
				CODE_SIGN_STYLE = Automatic;
				INFOPLIST_FILE = MuTram/Info.plist;
				LD_RUNPATH_SEARCH_PATHS = "$(inherited) @executable_path/Frameworks";
				PRODUCT_BUNDLE_IDENTIFIER = com.pongdec.MuTram;
				PRODUCT_NAME = "$(TARGET_NAME)";
				SWIFT_OBJC_BRIDGING_HEADER = "MuTram/MuTram-Bridging-Header.h";
				SWIFT_OPTIMIZATION_LEVEL = "-Onone";
				SWIFT_VERSION = 4.0;
				TARGETED_DEVICE_FAMILY = "1,2";
			};
			name = Debug;
		};
		4131A9EC1FA9B7EE00033F1F /* Release */ = {
			isa = XCBuildConfiguration;
			buildSettings = {
				ASSETCATALOG_COMPILER_APPICON_NAME = AppIcon;
				CLANG_ENABLE_MODULES = YES;
				CODE_SIGN_STYLE = Automatic;
				INFOPLIST_FILE = MuTram/Info.plist;
				LD_RUNPATH_SEARCH_PATHS = "$(inherited) @executable_path/Frameworks";
				PRODUCT_BUNDLE_IDENTIFIER = com.pongdec.MuTram;
				PRODUCT_NAME = "$(TARGET_NAME)";
				SWIFT_OBJC_BRIDGING_HEADER = "MuTram/MuTram-Bridging-Header.h";
				SWIFT_VERSION = 4.0;
				TARGETED_DEVICE_FAMILY = "1,2";
			};
			name = Release;
		};
/* End XCBuildConfiguration section */

/* Begin XCConfigurationList section */
		4131A9D31FA9B7EE00033F1F /* Build configuration list for PBXProject "MuTram" */ = {
			isa = XCConfigurationList;
			buildConfigurations = (
				4131A9E81FA9B7EE00033F1F /* Debug */,
				4131A9E91FA9B7EE00033F1F /* Release */,
			);
			defaultConfigurationIsVisible = 0;
			defaultConfigurationName = Release;
		};
		4131A9EA1FA9B7EE00033F1F /* Build configuration list for PBXNativeTarget "MuTram" */ = {
			isa = XCConfigurationList;
			buildConfigurations = (
				4131A9EB1FA9B7EE00033F1F /* Debug */,
				4131A9EC1FA9B7EE00033F1F /* Release */,
			);
			defaultConfigurationIsVisible = 0;
			defaultConfigurationName = Release;
		};
/* End XCConfigurationList section */
	};
	rootObject = 4131A9D01FA9B7EE00033F1F /* Project object */;
}
